// !$*UTF8*$!
{
	archiveVersion = 1;
	classes = {
	};
	objectVersion = 50;
	objects = {

/* Begin PBXBuildFile section */
		13D4BAA624C03E5800BD53D3 /* AppDelegate.swift in Sources */ = {isa = PBXBuildFile; fileRef = 13D4BAA524C03E5800BD53D3 /* AppDelegate.swift */; };
		13D4BAA824C03E5800BD53D3 /* SceneDelegate.swift in Sources */ = {isa = PBXBuildFile; fileRef = 13D4BAA724C03E5800BD53D3 /* SceneDelegate.swift */; };
		13D4BAAA24C03E5800BD53D3 /* ViewController.swift in Sources */ = {isa = PBXBuildFile; fileRef = 13D4BAA924C03E5800BD53D3 /* ViewController.swift */; };
		13D4BAAD24C03E5800BD53D3 /* Main.storyboard in Resources */ = {isa = PBXBuildFile; fileRef = 13D4BAAB24C03E5800BD53D3 /* Main.storyboard */; };
		13D4BAAF24C03E5B00BD53D3 /* Assets.xcassets in Resources */ = {isa = PBXBuildFile; fileRef = 13D4BAAE24C03E5B00BD53D3 /* Assets.xcassets */; };
		13D4BAB224C03E5B00BD53D3 /* LaunchScreen.storyboard in Resources */ = {isa = PBXBuildFile; fileRef = 13D4BAB024C03E5B00BD53D3 /* LaunchScreen.storyboard */; };
		13D4BABD24C03E5B00BD53D3 /* CurrencyConverterTests.swift in Sources */ = {isa = PBXBuildFile; fileRef = 13D4BABC24C03E5B00BD53D3 /* CurrencyConverterTests.swift */; };
		13D4BAC824C03E5B00BD53D3 /* CurrencyConverterUITests.swift in Sources */ = {isa = PBXBuildFile; fileRef = 13D4BAC724C03E5B00BD53D3 /* CurrencyConverterUITests.swift */; };
/* End PBXBuildFile section */

/* Begin PBXContainerItemProxy section */
		13D4BAB924C03E5B00BD53D3 /* PBXContainerItemProxy */ = {
			isa = PBXContainerItemProxy;
			containerPortal = 13D4BA9A24C03E5800BD53D3 /* Project object */;
			proxyType = 1;
			remoteGlobalIDString = 13D4BAA124C03E5800BD53D3;
			remoteInfo = CurrencyConverter;
		};
		13D4BAC424C03E5B00BD53D3 /* PBXContainerItemProxy */ = {
			isa = PBXContainerItemProxy;
			containerPortal = 13D4BA9A24C03E5800BD53D3 /* Project object */;
			proxyType = 1;
			remoteGlobalIDString = 13D4BAA124C03E5800BD53D3;
			remoteInfo = CurrencyConverter;
		};
/* End PBXContainerItemProxy section */

/* Begin PBXFileReference section */
		13D4BAA224C03E5800BD53D3 /* CurrencyConverter.app */ = {isa = PBXFileReference; explicitFileType = wrapper.application; includeInIndex = 0; path = CurrencyConverter.app; sourceTree = BUILT_PRODUCTS_DIR; };
		13D4BAA524C03E5800BD53D3 /* AppDelegate.swift */ = {isa = PBXFileReference; lastKnownFileType = sourcecode.swift; path = AppDelegate.swift; sourceTree = "<group>"; };
		13D4BAA724C03E5800BD53D3 /* SceneDelegate.swift */ = {isa = PBXFileReference; lastKnownFileType = sourcecode.swift; path = SceneDelegate.swift; sourceTree = "<group>"; };
		13D4BAA924C03E5800BD53D3 /* ViewController.swift */ = {isa = PBXFileReference; lastKnownFileType = sourcecode.swift; path = ViewController.swift; sourceTree = "<group>"; };
		13D4BAAC24C03E5800BD53D3 /* Base */ = {isa = PBXFileReference; lastKnownFileType = file.storyboard; name = Base; path = Base.lproj/Main.storyboard; sourceTree = "<group>"; };
		13D4BAAE24C03E5B00BD53D3 /* Assets.xcassets */ = {isa = PBXFileReference; lastKnownFileType = folder.assetcatalog; path = Assets.xcassets; sourceTree = "<group>"; };
		13D4BAB124C03E5B00BD53D3 /* Base */ = {isa = PBXFileReference; lastKnownFileType = file.storyboard; name = Base; path = Base.lproj/LaunchScreen.storyboard; sourceTree = "<group>"; };
		13D4BAB324C03E5B00BD53D3 /* Info.plist */ = {isa = PBXFileReference; lastKnownFileType = text.plist.xml; path = Info.plist; sourceTree = "<group>"; };
		13D4BAB824C03E5B00BD53D3 /* CurrencyConverterTests.xctest */ = {isa = PBXFileReference; explicitFileType = wrapper.cfbundle; includeInIndex = 0; path = CurrencyConverterTests.xctest; sourceTree = BUILT_PRODUCTS_DIR; };
		13D4BABC24C03E5B00BD53D3 /* CurrencyConverterTests.swift */ = {isa = PBXFileReference; lastKnownFileType = sourcecode.swift; path = CurrencyConverterTests.swift; sourceTree = "<group>"; };
		13D4BABE24C03E5B00BD53D3 /* Info.plist */ = {isa = PBXFileReference; lastKnownFileType = text.plist.xml; path = Info.plist; sourceTree = "<group>"; };
		13D4BAC324C03E5B00BD53D3 /* CurrencyConverterUITests.xctest */ = {isa = PBXFileReference; explicitFileType = wrapper.cfbundle; includeInIndex = 0; path = CurrencyConverterUITests.xctest; sourceTree = BUILT_PRODUCTS_DIR; };
		13D4BAC724C03E5B00BD53D3 /* CurrencyConverterUITests.swift */ = {isa = PBXFileReference; lastKnownFileType = sourcecode.swift; path = CurrencyConverterUITests.swift; sourceTree = "<group>"; };
		13D4BAC924C03E5B00BD53D3 /* Info.plist */ = {isa = PBXFileReference; lastKnownFileType = text.plist.xml; path = Info.plist; sourceTree = "<group>"; };
/* End PBXFileReference section */

/* Begin PBXFrameworksBuildPhase section */
		13D4BA9F24C03E5800BD53D3 /* Frameworks */ = {
			isa = PBXFrameworksBuildPhase;
			buildActionMask = 2147483647;
			files = (
			);
			runOnlyForDeploymentPostprocessing = 0;
		};
		13D4BAB524C03E5B00BD53D3 /* Frameworks */ = {
			isa = PBXFrameworksBuildPhase;
			buildActionMask = 2147483647;
			files = (
			);
			runOnlyForDeploymentPostprocessing = 0;
		};
		13D4BAC024C03E5B00BD53D3 /* Frameworks */ = {
			isa = PBXFrameworksBuildPhase;
			buildActionMask = 2147483647;
			files = (
			);
			runOnlyForDeploymentPostprocessing = 0;
		};
/* End PBXFrameworksBuildPhase section */

/* Begin PBXGroup section */
		13D4BA9924C03E5800BD53D3 = {
			isa = PBXGroup;
			children = (
				13D4BAA424C03E5800BD53D3 /* CurrencyConverter */,
				13D4BABB24C03E5B00BD53D3 /* CurrencyConverterTests */,
				13D4BAC624C03E5B00BD53D3 /* CurrencyConverterUITests */,
				13D4BAA324C03E5800BD53D3 /* Products */,
			);
			sourceTree = "<group>";
		};
		13D4BAA324C03E5800BD53D3 /* Products */ = {
			isa = PBXGroup;
			children = (
				13D4BAA224C03E5800BD53D3 /* CurrencyConverter.app */,
				13D4BAB824C03E5B00BD53D3 /* CurrencyConverterTests.xctest */,
				13D4BAC324C03E5B00BD53D3 /* CurrencyConverterUITests.xctest */,
			);
			name = Products;
			sourceTree = "<group>";
		};
		13D4BAA424C03E5800BD53D3 /* CurrencyConverter */ = {
			isa = PBXGroup;
			children = (
				13D4BAA524C03E5800BD53D3 /* AppDelegate.swift */,
				13D4BAA724C03E5800BD53D3 /* SceneDelegate.swift */,
				13D4BAA924C03E5800BD53D3 /* ViewController.swift */,
				13D4BAAB24C03E5800BD53D3 /* Main.storyboard */,
				13D4BAAE24C03E5B00BD53D3 /* Assets.xcassets */,
				13D4BAB024C03E5B00BD53D3 /* LaunchScreen.storyboard */,
				13D4BAB324C03E5B00BD53D3 /* Info.plist */,
			);
			path = CurrencyConverter;
			sourceTree = "<group>";
		};
		13D4BABB24C03E5B00BD53D3 /* CurrencyConverterTests */ = {
			isa = PBXGroup;
			children = (
				13D4BABC24C03E5B00BD53D3 /* CurrencyConverterTests.swift */,
				13D4BABE24C03E5B00BD53D3 /* Info.plist */,
			);
			path = CurrencyConverterTests;
			sourceTree = "<group>";
		};
		13D4BAC624C03E5B00BD53D3 /* CurrencyConverterUITests */ = {
			isa = PBXGroup;
			children = (
				13D4BAC724C03E5B00BD53D3 /* CurrencyConverterUITests.swift */,
				13D4BAC924C03E5B00BD53D3 /* Info.plist */,
			);
			path = CurrencyConverterUITests;
			sourceTree = "<group>";
		};
/* End PBXGroup section */

/* Begin PBXNativeTarget section */
		13D4BAA124C03E5800BD53D3 /* CurrencyConverter */ = {
			isa = PBXNativeTarget;
			buildConfigurationList = 13D4BACC24C03E5B00BD53D3 /* Build configuration list for PBXNativeTarget "CurrencyConverter" */;
			buildPhases = (
				13D4BA9E24C03E5800BD53D3 /* Sources */,
				13D4BA9F24C03E5800BD53D3 /* Frameworks */,
				13D4BAA024C03E5800BD53D3 /* Resources */,
			);
			buildRules = (
			);
			dependencies = (
			);
			name = CurrencyConverter;
			productName = CurrencyConverter;
			productReference = 13D4BAA224C03E5800BD53D3 /* CurrencyConverter.app */;
			productType = "com.apple.product-type.application";
		};
		13D4BAB724C03E5B00BD53D3 /* CurrencyConverterTests */ = {
			isa = PBXNativeTarget;
			buildConfigurationList = 13D4BACF24C03E5B00BD53D3 /* Build configuration list for PBXNativeTarget "CurrencyConverterTests" */;
			buildPhases = (
				13D4BAB424C03E5B00BD53D3 /* Sources */,
				13D4BAB524C03E5B00BD53D3 /* Frameworks */,
				13D4BAB624C03E5B00BD53D3 /* Resources */,
			);
			buildRules = (
			);
			dependencies = (
				13D4BABA24C03E5B00BD53D3 /* PBXTargetDependency */,
			);
			name = CurrencyConverterTests;
			productName = CurrencyConverterTests;
			productReference = 13D4BAB824C03E5B00BD53D3 /* CurrencyConverterTests.xctest */;
			productType = "com.apple.product-type.bundle.unit-test";
		};
		13D4BAC224C03E5B00BD53D3 /* CurrencyConverterUITests */ = {
			isa = PBXNativeTarget;
			buildConfigurationList = 13D4BAD224C03E5B00BD53D3 /* Build configuration list for PBXNativeTarget "CurrencyConverterUITests" */;
			buildPhases = (
				13D4BABF24C03E5B00BD53D3 /* Sources */,
				13D4BAC024C03E5B00BD53D3 /* Frameworks */,
				13D4BAC124C03E5B00BD53D3 /* Resources */,
			);
			buildRules = (
			);
			dependencies = (
				13D4BAC524C03E5B00BD53D3 /* PBXTargetDependency */,
			);
			name = CurrencyConverterUITests;
			productName = CurrencyConverterUITests;
			productReference = 13D4BAC324C03E5B00BD53D3 /* CurrencyConverterUITests.xctest */;
			productType = "com.apple.product-type.bundle.ui-testing";
		};
/* End PBXNativeTarget section */

/* Begin PBXProject section */
		13D4BA9A24C03E5800BD53D3 /* Project object */ = {
			isa = PBXProject;
			attributes = {
				LastSwiftUpdateCheck = 1160;
				LastUpgradeCheck = 1160;
				ORGANIZATIONNAME = "Harsh Londhekar";
				TargetAttributes = {
					13D4BAA124C03E5800BD53D3 = {
						CreatedOnToolsVersion = 11.6;
					};
					13D4BAB724C03E5B00BD53D3 = {
						CreatedOnToolsVersion = 11.6;
						TestTargetID = 13D4BAA124C03E5800BD53D3;
					};
					13D4BAC224C03E5B00BD53D3 = {
						CreatedOnToolsVersion = 11.6;
						TestTargetID = 13D4BAA124C03E5800BD53D3;
					};
				};
			};
			buildConfigurationList = 13D4BA9D24C03E5800BD53D3 /* Build configuration list for PBXProject "CurrencyConverter" */;
			compatibilityVersion = "Xcode 9.3";
			developmentRegion = en;
			hasScannedForEncodings = 0;
			knownRegions = (
				en,
				Base,
			);
			mainGroup = 13D4BA9924C03E5800BD53D3;
			productRefGroup = 13D4BAA324C03E5800BD53D3 /* Products */;
			projectDirPath = "";
			projectRoot = "";
			targets = (
				13D4BAA124C03E5800BD53D3 /* CurrencyConverter */,
				13D4BAB724C03E5B00BD53D3 /* CurrencyConverterTests */,
				13D4BAC224C03E5B00BD53D3 /* CurrencyConverterUITests */,
			);
		};
/* End PBXProject section */

/* Begin PBXResourcesBuildPhase section */
		13D4BAA024C03E5800BD53D3 /* Resources */ = {
			isa = PBXResourcesBuildPhase;
			buildActionMask = 2147483647;
			files = (
				13D4BAB224C03E5B00BD53D3 /* LaunchScreen.storyboard in Resources */,
				13D4BAAF24C03E5B00BD53D3 /* Assets.xcassets in Resources */,
				13D4BAAD24C03E5800BD53D3 /* Main.storyboard in Resources */,
			);
			runOnlyForDeploymentPostprocessing = 0;
		};
		13D4BAB624C03E5B00BD53D3 /* Resources */ = {
			isa = PBXResourcesBuildPhase;
			buildActionMask = 2147483647;
			files = (
			);
			runOnlyForDeploymentPostprocessing = 0;
		};
		13D4BAC124C03E5B00BD53D3 /* Resources */ = {
			isa = PBXResourcesBuildPhase;
			buildActionMask = 2147483647;
			files = (
			);
			runOnlyForDeploymentPostprocessing = 0;
		};
/* End PBXResourcesBuildPhase section */

/* Begin PBXSourcesBuildPhase section */
		13D4BA9E24C03E5800BD53D3 /* Sources */ = {
			isa = PBXSourcesBuildPhase;
			buildActionMask = 2147483647;
			files = (
				13D4BAAA24C03E5800BD53D3 /* ViewController.swift in Sources */,
				13D4BAA624C03E5800BD53D3 /* AppDelegate.swift in Sources */,
				13D4BAA824C03E5800BD53D3 /* SceneDelegate.swift in Sources */,
			);
			runOnlyForDeploymentPostprocessing = 0;
		};
		13D4BAB424C03E5B00BD53D3 /* Sources */ = {
			isa = PBXSourcesBuildPhase;
			buildActionMask = 2147483647;
			files = (
				13D4BABD24C03E5B00BD53D3 /* CurrencyConverterTests.swift in Sources */,
			);
			runOnlyForDeploymentPostprocessing = 0;
		};
		13D4BABF24C03E5B00BD53D3 /* Sources */ = {
			isa = PBXSourcesBuildPhase;
			buildActionMask = 2147483647;
			files = (
				13D4BAC824C03E5B00BD53D3 /* CurrencyConverterUITests.swift in Sources */,
			);
			runOnlyForDeploymentPostprocessing = 0;
		};
/* End PBXSourcesBuildPhase section */

/* Begin PBXTargetDependency section */
		13D4BABA24C03E5B00BD53D3 /* PBXTargetDependency */ = {
			isa = PBXTargetDependency;
			target = 13D4BAA124C03E5800BD53D3 /* CurrencyConverter */;
			targetProxy = 13D4BAB924C03E5B00BD53D3 /* PBXContainerItemProxy */;
		};
		13D4BAC524C03E5B00BD53D3 /* PBXTargetDependency */ = {
			isa = PBXTargetDependency;
			target = 13D4BAA124C03E5800BD53D3 /* CurrencyConverter */;
			targetProxy = 13D4BAC424C03E5B00BD53D3 /* PBXContainerItemProxy */;
		};
/* End PBXTargetDependency section */

/* Begin PBXVariantGroup section */
		13D4BAAB24C03E5800BD53D3 /* Main.storyboard */ = {
			isa = PBXVariantGroup;
			children = (
				13D4BAAC24C03E5800BD53D3 /* Base */,
			);
			name = Main.storyboard;
			sourceTree = "<group>";
		};
		13D4BAB024C03E5B00BD53D3 /* LaunchScreen.storyboard */ = {
			isa = PBXVariantGroup;
			children = (
				13D4BAB124C03E5B00BD53D3 /* Base */,
			);
			name = LaunchScreen.storyboard;
			sourceTree = "<group>";
		};
/* End PBXVariantGroup section */

/* Begin XCBuildConfiguration section */
		13D4BACA24C03E5B00BD53D3 /* Debug */ = {
			isa = XCBuildConfiguration;
			buildSettings = {
				ALWAYS_SEARCH_USER_PATHS = NO;
				CLANG_ANALYZER_NONNULL = YES;
				CLANG_ANALYZER_NUMBER_OBJECT_CONVERSION = YES_AGGRESSIVE;
				CLANG_CXX_LANGUAGE_STANDARD = "gnu++14";
				CLANG_CXX_LIBRARY = "libc++";
				CLANG_ENABLE_MODULES = YES;
				CLANG_ENABLE_OBJC_ARC = YES;
				CLANG_ENABLE_OBJC_WEAK = YES;
				CLANG_WARN_BLOCK_CAPTURE_AUTORELEASING = YES;
				CLANG_WARN_BOOL_CONVERSION = YES;
				CLANG_WARN_COMMA = YES;
				CLANG_WARN_CONSTANT_CONVERSION = YES;
				CLANG_WARN_DEPRECATED_OBJC_IMPLEMENTATIONS = YES;
				CLANG_WARN_DIRECT_OBJC_ISA_USAGE = YES_ERROR;
				CLANG_WARN_DOCUMENTATION_COMMENTS = YES;
				CLANG_WARN_EMPTY_BODY = YES;
				CLANG_WARN_ENUM_CONVERSION = YES;
				CLANG_WARN_INFINITE_RECURSION = YES;
				CLANG_WARN_INT_CONVERSION = YES;
				CLANG_WARN_NON_LITERAL_NULL_CONVERSION = YES;
				CLANG_WARN_OBJC_IMPLICIT_RETAIN_SELF = YES;
				CLANG_WARN_OBJC_LITERAL_CONVERSION = YES;
				CLANG_WARN_OBJC_ROOT_CLASS = YES_ERROR;
				CLANG_WARN_RANGE_LOOP_ANALYSIS = YES;
				CLANG_WARN_STRICT_PROTOTYPES = YES;
				CLANG_WARN_SUSPICIOUS_MOVE = YES;
				CLANG_WARN_UNGUARDED_AVAILABILITY = YES_AGGRESSIVE;
				CLANG_WARN_UNREACHABLE_CODE = YES;
				CLANG_WARN__DUPLICATE_METHOD_MATCH = YES;
				COPY_PHASE_STRIP = NO;
				DEBUG_INFORMATION_FORMAT = dwarf;
				ENABLE_STRICT_OBJC_MSGSEND = YES;
				ENABLE_TESTABILITY = YES;
				GCC_C_LANGUAGE_STANDARD = gnu11;
				GCC_DYNAMIC_NO_PIC = NO;
				GCC_NO_COMMON_BLOCKS = YES;
				GCC_OPTIMIZATION_LEVEL = 0;
				GCC_PREPROCESSOR_DEFINITIONS = (
					"DEBUG=1",
					"$(inherited)",
				);
				GCC_WARN_64_TO_32_BIT_CONVERSION = YES;
				GCC_WARN_ABOUT_RETURN_TYPE = YES_ERROR;
				GCC_WARN_UNDECLARED_SELECTOR = YES;
				GCC_WARN_UNINITIALIZED_AUTOS = YES_AGGRESSIVE;
				GCC_WARN_UNUSED_FUNCTION = YES;
				GCC_WARN_UNUSED_VARIABLE = YES;
				IPHONEOS_DEPLOYMENT_TARGET = 13.6;
				MTL_ENABLE_DEBUG_INFO = INCLUDE_SOURCE;
				MTL_FAST_MATH = YES;
				ONLY_ACTIVE_ARCH = YES;
				SDKROOT = iphoneos;
				SWIFT_ACTIVE_COMPILATION_CONDITIONS = DEBUG;
				SWIFT_OPTIMIZATION_LEVEL = "-Onone";
			};
			name = Debug;
		};
		13D4BACB24C03E5B00BD53D3 /* Release */ = {
			isa = XCBuildConfiguration;
			buildSettings = {
				ALWAYS_SEARCH_USER_PATHS = NO;
				CLANG_ANALYZER_NONNULL = YES;
				CLANG_ANALYZER_NUMBER_OBJECT_CONVERSION = YES_AGGRESSIVE;
				CLANG_CXX_LANGUAGE_STANDARD = "gnu++14";
				CLANG_CXX_LIBRARY = "libc++";
				CLANG_ENABLE_MODULES = YES;
				CLANG_ENABLE_OBJC_ARC = YES;
				CLANG_ENABLE_OBJC_WEAK = YES;
				CLANG_WARN_BLOCK_CAPTURE_AUTORELEASING = YES;
				CLANG_WARN_BOOL_CONVERSION = YES;
				CLANG_WARN_COMMA = YES;
				CLANG_WARN_CONSTANT_CONVERSION = YES;
				CLANG_WARN_DEPRECATED_OBJC_IMPLEMENTATIONS = YES;
				CLANG_WARN_DIRECT_OBJC_ISA_USAGE = YES_ERROR;
				CLANG_WARN_DOCUMENTATION_COMMENTS = YES;
				CLANG_WARN_EMPTY_BODY = YES;
				CLANG_WARN_ENUM_CONVERSION = YES;
				CLANG_WARN_INFINITE_RECURSION = YES;
				CLANG_WARN_INT_CONVERSION = YES;
				CLANG_WARN_NON_LITERAL_NULL_CONVERSION = YES;
				CLANG_WARN_OBJC_IMPLICIT_RETAIN_SELF = YES;
				CLANG_WARN_OBJC_LITERAL_CONVERSION = YES;
				CLANG_WARN_OBJC_ROOT_CLASS = YES_ERROR;
				CLANG_WARN_RANGE_LOOP_ANALYSIS = YES;
				CLANG_WARN_STRICT_PROTOTYPES = YES;
				CLANG_WARN_SUSPICIOUS_MOVE = YES;
				CLANG_WARN_UNGUARDED_AVAILABILITY = YES_AGGRESSIVE;
				CLANG_WARN_UNREACHABLE_CODE = YES;
				CLANG_WARN__DUPLICATE_METHOD_MATCH = YES;
				COPY_PHASE_STRIP = NO;
				DEBUG_INFORMATION_FORMAT = "dwarf-with-dsym";
				ENABLE_NS_ASSERTIONS = NO;
				ENABLE_STRICT_OBJC_MSGSEND = YES;
				GCC_C_LANGUAGE_STANDARD = gnu11;
				GCC_NO_COMMON_BLOCKS = YES;
				GCC_WARN_64_TO_32_BIT_CONVERSION = YES;
				GCC_WARN_ABOUT_RETURN_TYPE = YES_ERROR;
				GCC_WARN_UNDECLARED_SELECTOR = YES;
				GCC_WARN_UNINITIALIZED_AUTOS = YES_AGGRESSIVE;
				GCC_WARN_UNUSED_FUNCTION = YES;
				GCC_WARN_UNUSED_VARIABLE = YES;
				IPHONEOS_DEPLOYMENT_TARGET = 13.6;
				MTL_ENABLE_DEBUG_INFO = NO;
				MTL_FAST_MATH = YES;
				SDKROOT = iphoneos;
				SWIFT_COMPILATION_MODE = wholemodule;
				SWIFT_OPTIMIZATION_LEVEL = "-O";
				VALIDATE_PRODUCT = YES;
			};
			name = Release;
		};
		13D4BACD24C03E5B00BD53D3 /* Debug */ = {
			isa = XCBuildConfiguration;
			buildSettings = {
				ASSETCATALOG_COMPILER_APPICON_NAME = AppIcon;
				CODE_SIGN_STYLE = Automatic;
				DEVELOPMENT_TEAM = T6TXMQ82H9;
				INFOPLIST_FILE = CurrencyConverter/Info.plist;
				LD_RUNPATH_SEARCH_PATHS = (
					"$(inherited)",
					"@executable_path/Frameworks",
				);
				PRODUCT_BUNDLE_IDENTIFIER = com.HarshLondhekar.CurrencyConverter;
				PRODUCT_NAME = "$(TARGET_NAME)";
				SWIFT_VERSION = 5.0;
				TARGETED_DEVICE_FAMILY = "1,2";
			};
			name = Debug;
		};
		13D4BACE24C03E5B00BD53D3 /* Release */ = {
			isa = XCBuildConfiguration;
			buildSettings = {
				ASSETCATALOG_COMPILER_APPICON_NAME = AppIcon;
				CODE_SIGN_STYLE = Automatic;
				DEVELOPMENT_TEAM = T6TXMQ82H9;
				INFOPLIST_FILE = CurrencyConverter/Info.plist;
				LD_RUNPATH_SEARCH_PATHS = (
					"$(inherited)",
					"@executable_path/Frameworks",
				);
				PRODUCT_BUNDLE_IDENTIFIER = com.HarshLondhekar.CurrencyConverter;
				PRODUCT_NAME = "$(TARGET_NAME)";
				SWIFT_VERSION = 5.0;
				TARGETED_DEVICE_FAMILY = "1,2";
			};
			name = Release;
		};
		13D4BAD024C03E5B00BD53D3 /* Debug */ = {
			isa = XCBuildConfiguration;
			buildSettings = {
				ALWAYS_EMBED_SWIFT_STANDARD_LIBRARIES = YES;
				BUNDLE_LOADER = "$(TEST_HOST)";
				CODE_SIGN_STYLE = Automatic;
				DEVELOPMENT_TEAM = T6TXMQ82H9;
				INFOPLIST_FILE = CurrencyConverterTests/Info.plist;
				IPHONEOS_DEPLOYMENT_TARGET = 13.6;
				LD_RUNPATH_SEARCH_PATHS = (
					"$(inherited)",
					"@executable_path/Frameworks",
					"@loader_path/Frameworks",
				);
				PRODUCT_BUNDLE_IDENTIFIER = com.HarshLondhekar.CurrencyConverterTests;
				PRODUCT_NAME = "$(TARGET_NAME)";
				SWIFT_VERSION = 5.0;
				TARGETED_DEVICE_FAMILY = "1,2";
				TEST_HOST = "$(BUILT_PRODUCTS_DIR)/CurrencyConverter.app/CurrencyConverter";
			};
			name = Debug;
		};
		13D4BAD124C03E5B00BD53D3 /* Release */ = {
			isa = XCBuildConfiguration;
			buildSettings = {
				ALWAYS_EMBED_SWIFT_STANDARD_LIBRARIES = YES;
				BUNDLE_LOADER = "$(TEST_HOST)";
				CODE_SIGN_STYLE = Automatic;
				DEVELOPMENT_TEAM = T6TXMQ82H9;
				INFOPLIST_FILE = CurrencyConverterTests/Info.plist;
				IPHONEOS_DEPLOYMENT_TARGET = 13.6;
				LD_RUNPATH_SEARCH_PATHS = (
					"$(inherited)",
					"@executable_path/Frameworks",
					"@loader_path/Frameworks",
				);
				PRODUCT_BUNDLE_IDENTIFIER = com.HarshLondhekar.CurrencyConverterTests;
				PRODUCT_NAME = "$(TARGET_NAME)";
				SWIFT_VERSION = 5.0;
				TARGETED_DEVICE_FAMILY = "1,2";
				TEST_HOST = "$(BUILT_PRODUCTS_DIR)/CurrencyConverter.app/CurrencyConverter";
			};
			name = Release;
		};
		13D4BAD324C03E5B00BD53D3 /* Debug */ = {
			isa = XCBuildConfiguration;
			buildSettings = {
				ALWAYS_EMBED_SWIFT_STANDARD_LIBRARIES = YES;
				CODE_SIGN_STYLE = Automatic;
				DEVELOPMENT_TEAM = T6TXMQ82H9;
				INFOPLIST_FILE = CurrencyConverterUITests/Info.plist;
				LD_RUNPATH_SEARCH_PATHS = (
					"$(inherited)",
					"@executable_path/Frameworks",
					"@loader_path/Frameworks",
				);
				PRODUCT_BUNDLE_IDENTIFIER = com.HarshLondhekar.CurrencyConverterUITests;
				PRODUCT_NAME = "$(TARGET_NAME)";
				SWIFT_VERSION = 5.0;
				TARGETED_DEVICE_FAMILY = "1,2";
				TEST_TARGET_NAME = CurrencyConverter;
			};
			name = Debug;
		};
		13D4BAD424C03E5B00BD53D3 /* Release */ = {
			isa = XCBuildConfiguration;
			buildSettings = {
				ALWAYS_EMBED_SWIFT_STANDARD_LIBRARIES = YES;
				CODE_SIGN_STYLE = Automatic;
				DEVELOPMENT_TEAM = T6TXMQ82H9;
				INFOPLIST_FILE = CurrencyConverterUITests/Info.plist;
				LD_RUNPATH_SEARCH_PATHS = (
					"$(inherited)",
					"@executable_path/Frameworks",
					"@loader_path/Frameworks",
				);
				PRODUCT_BUNDLE_IDENTIFIER = com.HarshLondhekar.CurrencyConverterUITests;
				PRODUCT_NAME = "$(TARGET_NAME)";
				SWIFT_VERSION = 5.0;
				TARGETED_DEVICE_FAMILY = "1,2";
				TEST_TARGET_NAME = CurrencyConverter;
			};
			name = Release;
		};
/* End XCBuildConfiguration section */

/* Begin XCConfigurationList section */
		13D4BA9D24C03E5800BD53D3 /* Build configuration list for PBXProject "CurrencyConverter" */ = {
			isa = XCConfigurationList;
			buildConfigurations = (
				13D4BACA24C03E5B00BD53D3 /* Debug */,
				13D4BACB24C03E5B00BD53D3 /* Release */,
			);
			defaultConfigurationIsVisible = 0;
			defaultConfigurationName = Release;
		};
		13D4BACC24C03E5B00BD53D3 /* Build configuration list for PBXNativeTarget "CurrencyConverter" */ = {
			isa = XCConfigurationList;
			buildConfigurations = (
				13D4BACD24C03E5B00BD53D3 /* Debug */,
				13D4BACE24C03E5B00BD53D3 /* Release */,
			);
			defaultConfigurationIsVisible = 0;
			defaultConfigurationName = Release;
		};
		13D4BACF24C03E5B00BD53D3 /* Build configuration list for PBXNativeTarget "CurrencyConverterTests" */ = {
			isa = XCConfigurationList;
			buildConfigurations = (
				13D4BAD024C03E5B00BD53D3 /* Debug */,
				13D4BAD124C03E5B00BD53D3 /* Release */,
			);
			defaultConfigurationIsVisible = 0;
			defaultConfigurationName = Release;
		};
		13D4BAD224C03E5B00BD53D3 /* Build configuration list for PBXNativeTarget "CurrencyConverterUITests" */ = {
			isa = XCConfigurationList;
			buildConfigurations = (
				13D4BAD324C03E5B00BD53D3 /* Debug */,
				13D4BAD424C03E5B00BD53D3 /* Release */,
			);
			defaultConfigurationIsVisible = 0;
			defaultConfigurationName = Release;
		};
/* End XCConfigurationList section */
	};
	rootObject = 13D4BA9A24C03E5800BD53D3 /* Project object */;
}
